
Microsoft Visual Studio Solution File, Format Version 12.00
# Visual Studio 14
VisualStudioVersion = 14.0.24720.0
MinimumVisualStudioVersion = 10.0.40219.1
Project("{FAE04EC0-301F-11D3-BF4B-00C04F79EFBC}") = "DenisBaturin.ExpressionCalculator.Tests", "DenisBaturin.ExpressionCalculator.Tests\DenisBaturin.ExpressionCalculator.Tests.csproj", "{7B9D2842-9D1E-4F61-A7C1-8AEEE652A321}"
EndProject
Project("{FAE04EC0-301F-11D3-BF4B-00C04F79EFBC}") = "DenisBaturin.ExpressionCalculator", "DenisBaturin.ExpressionCalculator\DenisBaturin.ExpressionCalculator.csproj", "{2DAB4BCF-13D1-416C-9899-570BD301CCFD}"
EndProject
Project("{FAE04EC0-301F-11D3-BF4B-00C04F79EFBC}") = "DenisBaturin.ExpressionCalculator.OperatorDefinitions", "DenisBaturin.ExpressionCalculator.OperatorDefinitions\DenisBaturin.ExpressionCalculator.OperatorDefinitions.csproj", "{274D40BE-2C1F-44DB-AD5C-30D7C4B8C8E7}"
EndProject
Project("{FAE04EC0-301F-11D3-BF4B-00C04F79EFBC}") = "DenisBaturin.ExpressionCalculator.Operators.Constants", "DenisBaturin.ExpressionCalculator.Operators.Constants\DenisBaturin.ExpressionCalculator.Operators.Constants.csproj", "{63587E05-BE2D-4320-8D01-E35753C4F39C}"
EndProject
Project("{FAE04EC0-301F-11D3-BF4B-00C04F79EFBC}") = "DenisBaturin.ExpressionCalculator.Operators.Trigonometry", "DenisBaturin.ExpressionCalculator.Operators.Trigonometry\DenisBaturin.ExpressionCalculator.Operators.Trigonometry.csproj", "{23538140-EDB9-4351-A0F1-5A6A6E7DEAB7}"
EndProject
Project("{FAE04EC0-301F-11D3-BF4B-00C04F79EFBC}") = "DenisBaturin.ExpressionCalculator.ConsoleClient", "DenisBaturin.ExpressionCalculator.ConsoleClient\DenisBaturin.ExpressionCalculator.ConsoleClient.csproj", "{5A1591D8-2AE6-4293-9622-825FA208F8A1}"
EndProject
Global
	GlobalSection(SolutionConfigurationPlatforms) = preSolution
		Debug|Any CPU = Debug|Any CPU
		Release|Any CPU = Release|Any CPU
	EndGlobalSection
	GlobalSection(ProjectConfigurationPlatforms) = postSolution
		{7B9D2842-9D1E-4F61-A7C1-8AEEE652A321}.Debug|Any CPU.ActiveCfg = Debug|Any CPU
		{7B9D2842-9D1E-4F61-A7C1-8AEEE652A321}.Debug|Any CPU.Build.0 = Debug|Any CPU
		{7B9D2842-9D1E-4F61-A7C1-8AEEE652A321}.Release|Any CPU.ActiveCfg = Release|Any CPU
		{7B9D2842-9D1E-4F61-A7C1-8AEEE652A321}.Release|Any CPU.Build.0 = Release|Any CPU
		{2DAB4BCF-13D1-416C-9899-570BD301CCFD}.Debug|Any CPU.ActiveCfg = Debug|Any CPU
		{2DAB4BCF-13D1-416C-9899-570BD301CCFD}.Debug|Any CPU.Build.0 = Debug|Any CPU
		{2DAB4BCF-13D1-416C-9899-570BD301CCFD}.Release|Any CPU.ActiveCfg = Release|Any CPU
		{2DAB4BCF-13D1-416C-9899-570BD301CCFD}.Release|Any CPU.Build.0 = Release|Any CPU
		{274D40BE-2C1F-44DB-AD5C-30D7C4B8C8E7}.Debug|Any CPU.ActiveCfg = Debug|Any CPU
		{274D40BE-2C1F-44DB-AD5C-30D7C4B8C8E7}.Debug|Any CPU.Build.0 = Debug|Any CPU
		{274D40BE-2C1F-44DB-AD5C-30D7C4B8C8E7}.Release|Any CPU.ActiveCfg = Release|Any CPU
		{274D40BE-2C1F-44DB-AD5C-30D7C4B8C8E7}.Release|Any CPU.Build.0 = Release|Any CPU
		{63587E05-BE2D-4320-8D01-E35753C4F39C}.Debug|Any CPU.ActiveCfg = Debug|Any CPU
		{63587E05-BE2D-4320-8D01-E35753C4F39C}.Debug|Any CPU.Build.0 = Debug|Any CPU
		{63587E05-BE2D-4320-8D01-E35753C4F39C}.Release|Any CPU.ActiveCfg = Release|Any CPU
		{63587E05-BE2D-4320-8D01-E35753C4F39C}.Release|Any CPU.Build.0 = Release|Any CPU
		{23538140-EDB9-4351-A0F1-5A6A6E7DEAB7}.Debug|Any CPU.ActiveCfg = Debug|Any CPU
		{23538140-EDB9-4351-A0F1-5A6A6E7DEAB7}.Debug|Any CPU.Build.0 = Debug|Any CPU
		{23538140-EDB9-4351-A0F1-5A6A6E7DEAB7}.Release|Any CPU.ActiveCfg = Release|Any CPU
		{23538140-EDB9-4351-A0F1-5A6A6E7DEAB7}.Release|Any CPU.Build.0 = Release|Any CPU
		{5A1591D8-2AE6-4293-9622-825FA208F8A1}.Debug|Any CPU.ActiveCfg = Debug|Any CPU
		{5A1591D8-2AE6-4293-9622-825FA208F8A1}.Debug|Any CPU.Build.0 = Debug|Any CPU
		{5A1591D8-2AE6-4293-9622-825FA208F8A1}.Release|Any CPU.ActiveCfg = Release|Any CPU
		{5A1591D8-2AE6-4293-9622-825FA208F8A1}.Release|Any CPU.Build.0 = Release|Any CPU
	EndGlobalSection
	GlobalSection(SolutionProperties) = preSolution
		HideSolutionNode = FALSE
	EndGlobalSection
EndGlobal
